
Microsoft Visual Studio Solution File, Format Version 12.00
# Visual Studio Version 17
VisualStudioVersion = 17.3.32922.545
MinimumVisualStudioVersion = 10.0.40219.1
Project("{FAE04EC0-301F-11D3-BF4B-00C04F79EFBC}") = "Grundkurs2", "Grundkurs2.csproj", "{3D0280A5-5FA9-483E-A473-435B50BA0A6F}"
EndProject
Global
	GlobalSection(SolutionConfigurationPlatforms) = preSolution
		Debug|Any CPU = Debug|Any CPU
		Release|Any CPU = Release|Any CPU
	EndGlobalSection
	GlobalSection(ProjectConfigurationPlatforms) = postSolution
		{3D0280A5-5FA9-483E-A473-435B50BA0A6F}.Debug|Any CPU.ActiveCfg = Debug|Any CPU
		{3D0280A5-5FA9-483E-A473-435B50BA0A6F}.Debug|Any CPU.Build.0 = Debug|Any CPU
		{3D0280A5-5FA9-483E-A473-435B50BA0A6F}.Release|Any CPU.ActiveCfg = Release|Any CPU
		{3D0280A5-5FA9-483E-A473-435B50BA0A6F}.Release|Any CPU.Build.0 = Release|Any CPU
	EndGlobalSection
	GlobalSection(SolutionProperties) = preSolution
		HideSolutionNode = FALSE
	EndGlobalSection
	GlobalSection(ExtensibilityGlobals) = postSolution
		SolutionGuid = {D0B3FB12-181E-48DF-A5EA-622E1F702191}
	EndGlobalSection
EndGlobal
